
Microsoft Visual Studio Solution File, Format Version 12.00
# Visual Studio Version 17
VisualStudioVersion = 17.9.34607.119
MinimumVisualStudioVersion = 10.0.40219.1
Project("{FAE04EC0-301F-11D3-BF4B-00C04F79EFBC}") = "Dunnhumby.RestApi", "Dunnhumby.RestApi.csproj", "{5256E9F5-6BE9-4605-83D7-9DE1D5012F57}"
EndProject
Global
	GlobalSection(SolutionConfigurationPlatforms) = preSolution
		Debug|Any CPU = Debug|Any CPU
		Release|Any CPU = Release|Any CPU
	EndGlobalSection
	GlobalSection(ProjectConfigurationPlatforms) = postSolution
		{5256E9F5-6BE9-4605-83D7-9DE1D5012F57}.Debug|Any CPU.ActiveCfg = Debug|Any CPU
		{5256E9F5-6BE9-4605-83D7-9DE1D5012F57}.Debug|Any CPU.Build.0 = Debug|Any CPU
		{5256E9F5-6BE9-4605-83D7-9DE1D5012F57}.Release|Any CPU.ActiveCfg = Release|Any CPU
		{5256E9F5-6BE9-4605-83D7-9DE1D5012F57}.Release|Any CPU.Build.0 = Release|Any CPU
	EndGlobalSection
	GlobalSection(SolutionProperties) = preSolution
		HideSolutionNode = FALSE
	EndGlobalSection
	GlobalSection(ExtensibilityGlobals) = postSolution
		SolutionGuid = {96782E33-714E-411D-B844-691A1B9707B0}
	EndGlobalSection
EndGlobal
